
Microsoft Visual Studio Solution File, Format Version 12.00
# Visual Studio Version 17
VisualStudioVersion = 17.9.34607.119
MinimumVisualStudioVersion = 10.0.40219.1
Project("{FAE04EC0-301F-11D3-BF4B-00C04F79EFBC}") = "RabbitMqPublisher", "RabbitMqPublisher\RabbitMqPublisher.csproj", "{730CAF51-196B-45F9-8BBA-F3DAB0A85334}"
EndProject
Global
	GlobalSection(SolutionConfigurationPlatforms) = preSolution
		Debug|Any CPU = Debug|Any CPU
		Release|Any CPU = Release|Any CPU
	EndGlobalSection
	GlobalSection(ProjectConfigurationPlatforms) = postSolution
		{730CAF51-196B-45F9-8BBA-F3DAB0A85334}.Debug|Any CPU.ActiveCfg = Debug|Any CPU
		{730CAF51-196B-45F9-8BBA-F3DAB0A85334}.Debug|Any CPU.Build.0 = Debug|Any CPU
		{730CAF51-196B-45F9-8BBA-F3DAB0A85334}.Release|Any CPU.ActiveCfg = Release|Any CPU
		{730CAF51-196B-45F9-8BBA-F3DAB0A85334}.Release|Any CPU.Build.0 = Release|Any CPU
	EndGlobalSection
	GlobalSection(SolutionProperties) = preSolution
		HideSolutionNode = FALSE
	EndGlobalSection
	GlobalSection(ExtensibilityGlobals) = postSolution
		SolutionGuid = {183CBCC3-180C-4196-92D1-CA1C37471D91}
	EndGlobalSection
EndGlobal
